
Microsoft Visual Studio Solution File, Format Version 12.00
# Visual Studio Version 16
VisualStudioVersion = 16.0.31702.278
MinimumVisualStudioVersion = 10.0.40219.1
Project("{9A19103F-16F7-4668-BE54-9A1E7A4F7556}") = "WebScraper", "WebScraper\WebScraper.csproj", "{C939D549-926E-45CA-86E2-E2635A3982D7}"
EndProject
Project("{FAE04EC0-301F-11D3-BF4B-00C04F79EFBC}") = "Site", "Site\Site.csproj", "{2F360A5D-BA19-4DAB-A1FC-02BDE3E1587B}"
EndProject
Project("{FAE04EC0-301F-11D3-BF4B-00C04F79EFBC}") = "Data", "Data\Data.csproj", "{209B63A1-CCD9-4637-8AC5-2DC4B17B1F1A}"
EndProject
Global
	GlobalSection(SolutionConfigurationPlatforms) = preSolution
		Debug|Any CPU = Debug|Any CPU
		Release|Any CPU = Release|Any CPU
	EndGlobalSection
	GlobalSection(ProjectConfigurationPlatforms) = postSolution
		{C939D549-926E-45CA-86E2-E2635A3982D7}.Debug|Any CPU.ActiveCfg = Debug|Any CPU
		{C939D549-926E-45CA-86E2-E2635A3982D7}.Debug|Any CPU.Build.0 = Debug|Any CPU
		{C939D549-926E-45CA-86E2-E2635A3982D7}.Release|Any CPU.ActiveCfg = Release|Any CPU
		{C939D549-926E-45CA-86E2-E2635A3982D7}.Release|Any CPU.Build.0 = Release|Any CPU
		{2F360A5D-BA19-4DAB-A1FC-02BDE3E1587B}.Debug|Any CPU.ActiveCfg = Debug|Any CPU
		{2F360A5D-BA19-4DAB-A1FC-02BDE3E1587B}.Debug|Any CPU.Build.0 = Debug|Any CPU
		{2F360A5D-BA19-4DAB-A1FC-02BDE3E1587B}.Release|Any CPU.ActiveCfg = Release|Any CPU
		{2F360A5D-BA19-4DAB-A1FC-02BDE3E1587B}.Release|Any CPU.Build.0 = Release|Any CPU
		{209B63A1-CCD9-4637-8AC5-2DC4B17B1F1A}.Debug|Any CPU.ActiveCfg = Debug|Any CPU
		{209B63A1-CCD9-4637-8AC5-2DC4B17B1F1A}.Debug|Any CPU.Build.0 = Debug|Any CPU
		{209B63A1-CCD9-4637-8AC5-2DC4B17B1F1A}.Release|Any CPU.ActiveCfg = Release|Any CPU
		{209B63A1-CCD9-4637-8AC5-2DC4B17B1F1A}.Release|Any CPU.Build.0 = Release|Any CPU
	EndGlobalSection
	GlobalSection(SolutionProperties) = preSolution
		HideSolutionNode = FALSE
	EndGlobalSection
	GlobalSection(ExtensibilityGlobals) = postSolution
		SolutionGuid = {BD9F0A57-CD76-45DE-A55A-38F96A2B8712}
	EndGlobalSection
EndGlobal
